
Microsoft Visual Studio Solution File, Format Version 12.00
# Visual Studio 14
VisualStudioVersion = 14.0.23107.0
MinimumVisualStudioVersion = 10.0.40219.1
Project("{FAE04EC0-301F-11D3-BF4B-00C04F79EFBC}") = "TrafficAppAPI.Common", "TrafficAppAPI.Common\TrafficAppAPI.Common.csproj", "{B556662E-1668-4B86-B572-8FA68D16D8DC}"
EndProject
Project("{FAE04EC0-301F-11D3-BF4B-00C04F79EFBC}") = "TrafficAppAPI.Model", "TrafficAppAPI.Model\TrafficAppAPI.Model.csproj", "{59823943-867A-4F57-BC62-D9231BF93ADB}"
EndProject
Project("{FAE04EC0-301F-11D3-BF4B-00C04F79EFBC}") = "TrafficAppAPI.Repository", "TrafficAppAPI.Repository\TrafficAppAPI.Repository.csproj", "{7DD61DB4-5A70-42C0-9175-13C830983B02}"
EndProject
Project("{FAE04EC0-301F-11D3-BF4B-00C04F79EFBC}") = "TrafficAppAPI.Service", "TrafficAppAPI.Service\TrafficAppAPI.Service.csproj", "{1170776B-C905-4B90-B499-4DF091EEDC6F}"
EndProject
Project("{FAE04EC0-301F-11D3-BF4B-00C04F79EFBC}") = "TrafficAppAPI.API", "TrafficAppAPI.API\TrafficAppAPI.API.csproj", "{94F22542-6A23-43DC-A311-17EFED878F61}"
EndProject
Project("{FAE04EC0-301F-11D3-BF4B-00C04F79EFBC}") = "TrafficAppAPI.DAL", "TrafficAppAPI.DAL\TrafficAppAPI.DAL.csproj", "{6FC5D22F-5B02-4727-B3E9-FB44A9D8061B}"
EndProject
Project("{FAE04EC0-301F-11D3-BF4B-00C04F79EFBC}") = "TrafficApp.API", "TrafficApp.API\TrafficApp.API.csproj", "{5246617D-CC2E-4360-BBCA-5E814B0068A8}"
EndProject
Global
	GlobalSection(SolutionConfigurationPlatforms) = preSolution
		Debug|Any CPU = Debug|Any CPU
		Release|Any CPU = Release|Any CPU
	EndGlobalSection
	GlobalSection(ProjectConfigurationPlatforms) = postSolution
		{B556662E-1668-4B86-B572-8FA68D16D8DC}.Debug|Any CPU.ActiveCfg = Debug|Any CPU
		{B556662E-1668-4B86-B572-8FA68D16D8DC}.Debug|Any CPU.Build.0 = Debug|Any CPU
		{B556662E-1668-4B86-B572-8FA68D16D8DC}.Release|Any CPU.ActiveCfg = Release|Any CPU
		{B556662E-1668-4B86-B572-8FA68D16D8DC}.Release|Any CPU.Build.0 = Release|Any CPU
		{59823943-867A-4F57-BC62-D9231BF93ADB}.Debug|Any CPU.ActiveCfg = Debug|Any CPU
		{59823943-867A-4F57-BC62-D9231BF93ADB}.Debug|Any CPU.Build.0 = Debug|Any CPU
		{59823943-867A-4F57-BC62-D9231BF93ADB}.Release|Any CPU.ActiveCfg = Release|Any CPU
		{59823943-867A-4F57-BC62-D9231BF93ADB}.Release|Any CPU.Build.0 = Release|Any CPU
		{7DD61DB4-5A70-42C0-9175-13C830983B02}.Debug|Any CPU.ActiveCfg = Debug|Any CPU
		{7DD61DB4-5A70-42C0-9175-13C830983B02}.Debug|Any CPU.Build.0 = Debug|Any CPU
		{7DD61DB4-5A70-42C0-9175-13C830983B02}.Release|Any CPU.ActiveCfg = Release|Any CPU
		{7DD61DB4-5A70-42C0-9175-13C830983B02}.Release|Any CPU.Build.0 = Release|Any CPU
		{1170776B-C905-4B90-B499-4DF091EEDC6F}.Debug|Any CPU.ActiveCfg = Debug|Any CPU
		{1170776B-C905-4B90-B499-4DF091EEDC6F}.Debug|Any CPU.Build.0 = Debug|Any CPU
		{1170776B-C905-4B90-B499-4DF091EEDC6F}.Release|Any CPU.ActiveCfg = Release|Any CPU
		{1170776B-C905-4B90-B499-4DF091EEDC6F}.Release|Any CPU.Build.0 = Release|Any CPU
		{94F22542-6A23-43DC-A311-17EFED878F61}.Debug|Any CPU.ActiveCfg = Debug|Any CPU
		{94F22542-6A23-43DC-A311-17EFED878F61}.Debug|Any CPU.Build.0 = Debug|Any CPU
		{94F22542-6A23-43DC-A311-17EFED878F61}.Release|Any CPU.ActiveCfg = Release|Any CPU
		{94F22542-6A23-43DC-A311-17EFED878F61}.Release|Any CPU.Build.0 = Release|Any CPU
		{6FC5D22F-5B02-4727-B3E9-FB44A9D8061B}.Debug|Any CPU.ActiveCfg = Debug|Any CPU
		{6FC5D22F-5B02-4727-B3E9-FB44A9D8061B}.Debug|Any CPU.Build.0 = Debug|Any CPU
		{6FC5D22F-5B02-4727-B3E9-FB44A9D8061B}.Release|Any CPU.ActiveCfg = Release|Any CPU
		{6FC5D22F-5B02-4727-B3E9-FB44A9D8061B}.Release|Any CPU.Build.0 = Release|Any CPU
		{5246617D-CC2E-4360-BBCA-5E814B0068A8}.Debug|Any CPU.ActiveCfg = Debug|Any CPU
		{5246617D-CC2E-4360-BBCA-5E814B0068A8}.Debug|Any CPU.Build.0 = Debug|Any CPU
		{5246617D-CC2E-4360-BBCA-5E814B0068A8}.Release|Any CPU.ActiveCfg = Release|Any CPU
		{5246617D-CC2E-4360-BBCA-5E814B0068A8}.Release|Any CPU.Build.0 = Release|Any CPU
	EndGlobalSection
	GlobalSection(SolutionProperties) = preSolution
		HideSolutionNode = FALSE
	EndGlobalSection
EndGlobal
